<?xml version="1.0" encoding="utf-8"?>
<Project ToolsVersion="4.0" xmlns="http://schemas.microsoft.com/developer/msbuild/2003">
  <ItemGroup>
    <Filter Include="Исходные файлы">
      <UniqueIdentifier>{4FC737F1-C7A5-4376-A066-2A32D752A2FF}</UniqueIdentifier>
      <Extensions>cpp;c;cc;cxx;c++;cppm;ixx;def;odl;idl;hpj;bat;asm;asmx</Extensions>
    </Filter>
    <Filter Include="Файлы заголовков">
      <UniqueIdentifier>{93995380-89BD-4b04-88EB-625FBE52EBFB}</UniqueIdentifier>
      <Extensions>h;hh;hpp;hxx;h++;hm;inl;inc;ipp;xsd</Extensions>
    </Filter>
    <Filter Include="Файлы ресурсов">
      <UniqueIdentifier>{67DA6AB6-F800-4c08-8B7A-83BB121AAD01}</UniqueIdentifier>
      <Extensions>rc;ico;cur;bmp;dlg;rc2;rct;bin;rgs;gif;jpg;jpeg;jpe;resx;tiff;tif;png;wav;mfcribbon-ms</Extensions>
    </Filter>
    <Filter Include="MathClasses">
      <UniqueIdentifier>{f3ec5983-87fb-4ac6-89aa-e64183b8ae2d}</UniqueIdentifier>
    </Filter>
    <Filter Include="Parse">
      <UniqueIdentifier>{4e530cb2-b73d-43c1-8e1a-2043d967a543}</UniqueIdentifier>
    </Filter>
    <Filter Include="MathUtils">
      <UniqueIdentifier>{f4afd9c5-9a53-45b6-94cf-b8941c8a1a8d}</UniqueIdentifier>
    </Filter>
    <Filter Include="Signature">
      <UniqueIdentifier>{936ce97a-ca5e-4158-bfb1-6460ba60af5f}</UniqueIdentifier>
    </Filter>
    <Filter Include="Examples">
      <UniqueIdentifier>{1a1b09de-11f3-446e-822d-e989470e20ef}</UniqueIdentifier>
    </Filter>
  </ItemGroup>
  <ItemGroup>
    <ClCompile Include="main.cpp">
      <Filter>Файлы ресурсов</Filter>
    </ClCompile>
  </ItemGroup>
  <ItemGroup>
    <ClInclude Include="include\MathWorker\Signature\FunctionConnector.hpp">
      <Filter>Signature</Filter>
    </ClInclude>
    <ClInclude Include="include\MathWorker\MathUtils\MathDefines.hpp">
      <Filter>MathUtils</Filter>
    </ClInclude>
    <ClInclude Include="include\MathWorker\MathClasses\MathNode.hpp">
      <Filter>MathClasses</Filter>
    </ClInclude>
    <ClInclude Include="include\MathWorker\MathUtils\MathStringConverter.hpp">
      <Filter>MathUtils</Filter>
    </ClInclude>
    <ClInclude Include="include\MathWorker\Parse\ParseException.hpp">
      <Filter>Parse</Filter>
    </ClInclude>
    <ClInclude Include="include\MathWorker\Parse\Parser.hpp">
      <Filter>Parse</Filter>
    </ClInclude>
    <ClInclude Include="include\MathWorker\Parse\ParseUtils.hpp">
      <Filter>Parse</Filter>
    </ClInclude>
    <ClInclude Include="include\MathWorker\Signature\Signature.hpp">
      <Filter>Signature</Filter>
    </ClInclude>
    <ClInclude Include="include\MathWorker\Signature\SignatureGenerator.hpp">
      <Filter>Signature</Filter>
    </ClInclude>
    <ClInclude Include="include\MathWorker\MathClasses\SignatureNode.hpp">
      <Filter>MathClasses</Filter>
    </ClInclude>
    <ClInclude Include="include\MathWorker\MathClasses\SymbolNode.hpp">
      <Filter>MathClasses</Filter>
    </ClInclude>
    <ClInclude Include="include\MathWorker\Parse\Tokenizer.hpp">
      <Filter>Parse</Filter>
    </ClInclude>
    <ClInclude Include="include\MathWorker\MathClasses\ValueNode.hpp">
      <Filter>MathClasses</Filter>
    </ClInclude>
    <ClInclude Include="Examples\ConsoleCalculator.hpp">
      <Filter>Examples</Filter>
    </ClInclude>
    <ClInclude Include="Examples\CastomAlgebr.hpp">
      <Filter>Examples</Filter>
    </ClInclude>
  </ItemGroup>
  <ItemGroup>
    <None Include="README.md" />
    <None Include=".gitattributes" />
    <None Include=".gitignore" />
    <None Include="README_RU.md" />
  </ItemGroup>
</Project>