<?xml version="1.0" encoding="utf-8"?>
<Project ToolsVersion="4.0" xmlns="http://schemas.microsoft.com/developer/msbuild/2003">
  <ItemGroup>
    <Filter Include="Исходные файлы">
      <UniqueIdentifier>{4FC737F1-C7A5-4376-A066-2A32D752A2FF}</UniqueIdentifier>
      <Extensions>cpp;c;cc;cxx;c++;cppm;ixx;def;odl;idl;hpj;bat;asm;asmx</Extensions>
    </Filter>
    <Filter Include="Файлы заголовков">
      <UniqueIdentifier>{93995380-89BD-4b04-88EB-625FBE52EBFB}</UniqueIdentifier>
      <Extensions>h;hh;hpp;hxx;h++;hm;inl;inc;ipp;xsd</Extensions>
    </Filter>
    <Filter Include="Файлы ресурсов">
      <UniqueIdentifier>{67DA6AB6-F800-4c08-8B7A-83BB121AAD01}</UniqueIdentifier>
      <Extensions>rc;ico;cur;bmp;dlg;rc2;rct;bin;rgs;gif;jpg;jpeg;jpe;resx;tiff;tif;png;wav;mfcribbon-ms</Extensions>
    </Filter>
    <Filter Include="MathClasses">
      <UniqueIdentifier>{f3ec5983-87fb-4ac6-89aa-e64183b8ae2d}</UniqueIdentifier>
    </Filter>
    <Filter Include="AdditionalUtils">
      <UniqueIdentifier>{f4afd9c5-9a53-45b6-94cf-b8941c8a1a8d}</UniqueIdentifier>
    </Filter>
    <Filter Include="Context">
      <UniqueIdentifier>{936ce97a-ca5e-4158-bfb1-6460ba60af5f}</UniqueIdentifier>
    </Filter>
    <Filter Include="Parse">
      <UniqueIdentifier>{4e530cb2-b73d-43c1-8e1a-2043d967a543}</UniqueIdentifier>
    </Filter>
  </ItemGroup>
  <ItemGroup>
    <ClCompile Include="main.cpp">
      <Filter>Файлы ресурсов</Filter>
    </ClCompile>
  </ItemGroup>
  <ItemGroup>
    <ClInclude Include="MathNode.hpp">
      <Filter>MathClasses</Filter>
    </ClInclude>
    <ClInclude Include="ValueNode.hpp">
      <Filter>MathClasses</Filter>
    </ClInclude>
    <ClInclude Include="MathStringConverter.hpp">
      <Filter>AdditionalUtils</Filter>
    </ClInclude>
    <ClInclude Include="SymbolNode.hpp">
      <Filter>MathClasses</Filter>
    </ClInclude>
    <ClInclude Include="MathDefines.hpp">
      <Filter>AdditionalUtils</Filter>
    </ClInclude>
    <ClInclude Include="VariableContext.hpp">
      <Filter>Context</Filter>
    </ClInclude>
    <ClInclude Include="FunctionContext.hpp">
      <Filter>Context</Filter>
    </ClInclude>
    <ClInclude Include="SignatureNode.hpp">
      <Filter>MathClasses</Filter>
    </ClInclude>
    <ClInclude Include="Parser.hpp">
      <Filter>Parse</Filter>
    </ClInclude>
  </ItemGroup>
</Project>